
Microsoft Visual Studio Solution File, Format Version 12.00
# Visual Studio Version 17
VisualStudioVersion = 17.12.35527.113 d17.12
MinimumVisualStudioVersion = 10.0.40219.1
Project("{FAE04EC0-301F-11D3-BF4B-00C04F79EFBC}") = "API", "API\API.csproj", "{8B4DC9F2-140F-4164-8515-632FBF9A37D8}"
EndProject
Project("{FAE04EC0-301F-11D3-BF4B-00C04F79EFBC}") = "App", "App\App.csproj", "{33BAA54B-A1E5-42F8-A701-F41DC9FCE208}"
EndProject
Project("{FAE04EC0-301F-11D3-BF4B-00C04F79EFBC}") = "Data", "Data\Data.csproj", "{0A7FF605-1654-45F0-B834-EB4A4B16527D}"
EndProject
Global
	GlobalSection(SolutionConfigurationPlatforms) = preSolution
		Debug|Any CPU = Debug|Any CPU
		Release|Any CPU = Release|Any CPU
	EndGlobalSection
	GlobalSection(ProjectConfigurationPlatforms) = postSolution
		{8B4DC9F2-140F-4164-8515-632FBF9A37D8}.Debug|Any CPU.ActiveCfg = Debug|Any CPU
		{8B4DC9F2-140F-4164-8515-632FBF9A37D8}.Debug|Any CPU.Build.0 = Debug|Any CPU
		{8B4DC9F2-140F-4164-8515-632FBF9A37D8}.Release|Any CPU.ActiveCfg = Release|Any CPU
		{8B4DC9F2-140F-4164-8515-632FBF9A37D8}.Release|Any CPU.Build.0 = Release|Any CPU
		{33BAA54B-A1E5-42F8-A701-F41DC9FCE208}.Debug|Any CPU.ActiveCfg = Debug|Any CPU
		{33BAA54B-A1E5-42F8-A701-F41DC9FCE208}.Debug|Any CPU.Build.0 = Debug|Any CPU
		{33BAA54B-A1E5-42F8-A701-F41DC9FCE208}.Release|Any CPU.ActiveCfg = Release|Any CPU
		{33BAA54B-A1E5-42F8-A701-F41DC9FCE208}.Release|Any CPU.Build.0 = Release|Any CPU
		{0A7FF605-1654-45F0-B834-EB4A4B16527D}.Debug|Any CPU.ActiveCfg = Debug|Any CPU
		{0A7FF605-1654-45F0-B834-EB4A4B16527D}.Debug|Any CPU.Build.0 = Debug|Any CPU
		{0A7FF605-1654-45F0-B834-EB4A4B16527D}.Release|Any CPU.ActiveCfg = Release|Any CPU
		{0A7FF605-1654-45F0-B834-EB4A4B16527D}.Release|Any CPU.Build.0 = Release|Any CPU
	EndGlobalSection
	GlobalSection(SolutionProperties) = preSolution
		HideSolutionNode = FALSE
	EndGlobalSection
EndGlobal
